
Microsoft Visual Studio Solution File, Format Version 12.00
# Visual Studio Version 16
VisualStudioVersion = 16.0.31321.278
MinimumVisualStudioVersion = 10.0.40219.1
Project("{FAE04EC0-301F-11D3-BF4B-00C04F79EFBC}") = "PartialClassesSimpleExample.Server", "PartialClassesSimpleExample\Server\PartialClassesSimpleExample.Server.csproj", "{C3F7D6C3-69FE-4BCA-852A-2FAF19DD7711}"
EndProject
Project("{FAE04EC0-301F-11D3-BF4B-00C04F79EFBC}") = "PartialClassesSimpleExample.Client", "PartialClassesSimpleExample\Client\PartialClassesSimpleExample.Client.csproj", "{6D23E497-DD83-4D95-8709-BF53D938E584}"
EndProject
Project("{FAE04EC0-301F-11D3-BF4B-00C04F79EFBC}") = "PartialClassesSimpleExample.Shared", "PartialClassesSimpleExample\Shared\PartialClassesSimpleExample.Shared.csproj", "{5C95729C-E352-4AAB-B648-8C39470C076D}"
EndProject
Global
	GlobalSection(SolutionConfigurationPlatforms) = preSolution
		Debug|Any CPU = Debug|Any CPU
		Release|Any CPU = Release|Any CPU
	EndGlobalSection
	GlobalSection(ProjectConfigurationPlatforms) = postSolution
		{C3F7D6C3-69FE-4BCA-852A-2FAF19DD7711}.Debug|Any CPU.ActiveCfg = Debug|Any CPU
		{C3F7D6C3-69FE-4BCA-852A-2FAF19DD7711}.Debug|Any CPU.Build.0 = Debug|Any CPU
		{C3F7D6C3-69FE-4BCA-852A-2FAF19DD7711}.Release|Any CPU.ActiveCfg = Release|Any CPU
		{C3F7D6C3-69FE-4BCA-852A-2FAF19DD7711}.Release|Any CPU.Build.0 = Release|Any CPU
		{6D23E497-DD83-4D95-8709-BF53D938E584}.Debug|Any CPU.ActiveCfg = Debug|Any CPU
		{6D23E497-DD83-4D95-8709-BF53D938E584}.Debug|Any CPU.Build.0 = Debug|Any CPU
		{6D23E497-DD83-4D95-8709-BF53D938E584}.Release|Any CPU.ActiveCfg = Release|Any CPU
		{6D23E497-DD83-4D95-8709-BF53D938E584}.Release|Any CPU.Build.0 = Release|Any CPU
		{5C95729C-E352-4AAB-B648-8C39470C076D}.Debug|Any CPU.ActiveCfg = Debug|Any CPU
		{5C95729C-E352-4AAB-B648-8C39470C076D}.Debug|Any CPU.Build.0 = Debug|Any CPU
		{5C95729C-E352-4AAB-B648-8C39470C076D}.Release|Any CPU.ActiveCfg = Release|Any CPU
		{5C95729C-E352-4AAB-B648-8C39470C076D}.Release|Any CPU.Build.0 = Release|Any CPU
	EndGlobalSection
	GlobalSection(SolutionProperties) = preSolution
		HideSolutionNode = FALSE
	EndGlobalSection
	GlobalSection(ExtensibilityGlobals) = postSolution
		SolutionGuid = {44DD8996-02BE-4A75-B0E5-E0BDB08403A2}
	EndGlobalSection
EndGlobal
